<?xml version="1.0" encoding="utf-8"?>
<Project ToolsVersion="4.0" xmlns="http://schemas.microsoft.com/developer/msbuild/2003">
  <ItemGroup>
    <Filter Include="资源文件">
      <UniqueIdentifier>{67DA6AB6-F800-4c08-8B7A-83BB121AAD01}</UniqueIdentifier>
      <Extensions>rc;ico;cur;bmp;dlg;rc2;rct;bin;rgs;gif;jpg;jpeg;jpe;resx;tiff;tif;png;wav;mfcribbon-ms</Extensions>
    </Filter>
    <Filter Include="Head">
      <UniqueIdentifier>{93995380-89BD-4b04-88EB-625FBE52EBFB}</UniqueIdentifier>
      <Extensions>h;hh;hpp;hxx;h++;hm;inl;inc;ipp;xsd</Extensions>
    </Filter>
    <Filter Include="Head\ImGui">
      <UniqueIdentifier>{7f58823d-098c-42df-aabb-61633130f3ff}</UniqueIdentifier>
    </Filter>
    <Filter Include="Head\Detours">
      <UniqueIdentifier>{d2f6c36d-5266-419d-a74a-800a39e32f74}</UniqueIdentifier>
    </Filter>
    <Filter Include="Lib">
      <UniqueIdentifier>{a8ba4817-b2eb-44ba-9cb5-c2f35b5e3781}</UniqueIdentifier>
    </Filter>
    <Filter Include="Source">
      <UniqueIdentifier>{4FC737F1-C7A5-4376-A066-2A32D752A2FF}</UniqueIdentifier>
      <Extensions>cpp;c;cc;cxx;c++;cppm;ixx;def;odl;idl;hpj;bat;asm;asmx</Extensions>
    </Filter>
    <Filter Include="Source\ImGui">
      <UniqueIdentifier>{4ba08c95-55bb-4326-940c-15ce1e10d519}</UniqueIdentifier>
    </Filter>
  </ItemGroup>
  <ItemGroup>
    <ClInclude Include="Src\ImGui\imgui.h">
      <Filter>Head\ImGui</Filter>
    </ClInclude>
    <ClInclude Include="Src\ImGui\imgui_impl_dx11.h">
      <Filter>Head\ImGui</Filter>
    </ClInclude>
    <ClInclude Include="Src\ImGui\imgui_impl_win32.h">
      <Filter>Head\ImGui</Filter>
    </ClInclude>
    <ClInclude Include="Src\ImGui\imgui_internal.h">
      <Filter>Head\ImGui</Filter>
    </ClInclude>
    <ClInclude Include="Src\ImGui\imstb_rectpack.h">
      <Filter>Head\ImGui</Filter>
    </ClInclude>
    <ClInclude Include="Src\ImGui\imstb_textedit.h">
      <Filter>Head\ImGui</Filter>
    </ClInclude>
    <ClInclude Include="Src\ImGui\imstb_truetype.h">
      <Filter>Head\ImGui</Filter>
    </ClInclude>
    <ClInclude Include="Src\ImGui\imconfig.h">
      <Filter>Head\ImGui</Filter>
    </ClInclude>
    <ClInclude Include="src\Impl.h">
      <Filter>Head</Filter>
    </ClInclude>
    <ClInclude Include="src\Main.hpp">
      <Filter>Head</Filter>
    </ClInclude>
    <ClInclude Include="src\Detours\detours.h">
      <Filter>Head\Detours</Filter>
    </ClInclude>
    <ClInclude Include="src\ImGui\imgui_stdlib.h">
      <Filter>Head\ImGui</Filter>
    </ClInclude>
  </ItemGroup>
  <ItemGroup>
    <ClCompile Include="dllmain.cpp">
      <Filter>Source</Filter>
    </ClCompile>
    <ClCompile Include="Src\ImGui\imgui.cpp">
      <Filter>Source\ImGui</Filter>
    </ClCompile>
    <ClCompile Include="Src\ImGui\imgui_demo.cpp">
      <Filter>Source\ImGui</Filter>
    </ClCompile>
    <ClCompile Include="Src\ImGui\imgui_draw.cpp">
      <Filter>Source\ImGui</Filter>
    </ClCompile>
    <ClCompile Include="Src\ImGui\imgui_impl_dx11.cpp">
      <Filter>Source\ImGui</Filter>
    </ClCompile>
    <ClCompile Include="Src\ImGui\imgui_impl_win32.cpp">
      <Filter>Source\ImGui</Filter>
    </ClCompile>
    <ClCompile Include="Src\ImGui\imgui_tables.cpp">
      <Filter>Source\ImGui</Filter>
    </ClCompile>
    <ClCompile Include="Src\ImGui\imgui_widgets.cpp">
      <Filter>Source\ImGui</Filter>
    </ClCompile>
    <ClCompile Include="src\ImGui\imgui_stdlib.cpp">
      <Filter>Source\ImGui</Filter>
    </ClCompile>
  </ItemGroup>
  <ItemGroup>
    <Library Include="lib\Detours.x64.lib">
      <Filter>Lib</Filter>
    </Library>
  </ItemGroup>
</Project>